<?xml version="1.0" encoding="utf-8"?>
<Project ToolsVersion="4.0" xmlns="http://schemas.microsoft.com/developer/msbuild/2003">
  <ItemGroup>
    <Filter Include="Resource Files">
      <UniqueIdentifier>{67DA6AB6-F800-4c08-8B7A-83BB121AAD01}</UniqueIdentifier>
      <Extensions>rc;ico;cur;bmp;dlg;rc2;rct;bin;rgs;gif;jpg;jpeg;jpe;resx;tiff;tif;png;wav;mfcribbon-ms</Extensions>
    </Filter>
    <Filter Include="Components">
      <UniqueIdentifier>{19604a66-7b48-4bc9-adfc-fd02fccefb8e}</UniqueIdentifier>
    </Filter>
    <Filter Include="Commands">
      <UniqueIdentifier>{74ead332-618f-420d-aa39-d5893d831e3d}</UniqueIdentifier>
    </Filter>
  </ItemGroup>
  <ItemGroup>
    <ClCompile Include="Main.cpp" />
    <ClCompile Include="GameSelector.cpp" />
    <ClCompile Include="SpriteTestingCommands.cpp" />
  </ItemGroup>
  <ItemGroup>
    <ClInclude Include="GameSelector.h" />
    <ClInclude Include="SpriteTestingCommands.h" />
  </ItemGroup>
</Project>