<?xml version="1.0" encoding="utf-8"?>
<Project ToolsVersion="4.0" xmlns="http://schemas.microsoft.com/developer/msbuild/2003">
  <ItemGroup>
    <Filter Include="Resource Files">
      <UniqueIdentifier>{67DA6AB6-F800-4c08-8B7A-83BB121AAD01}</UniqueIdentifier>
      <Extensions>rc;ico;cur;bmp;dlg;rc2;rct;bin;rgs;gif;jpg;jpeg;jpe;resx;tiff;tif;png;wav;mfcribbon-ms</Extensions>
    </Filter>
    <Filter Include="Engine Files">
      <UniqueIdentifier>{93995380-89BD-4b04-88EB-625FBE52EBFB}</UniqueIdentifier>
    </Filter>
    <Filter Include="Engine Files\Scene">
      <UniqueIdentifier>{97cb70a1-f7ae-46b6-8070-17f82646cef5}</UniqueIdentifier>
    </Filter>
    <Filter Include="Engine Files\Rendering">
      <UniqueIdentifier>{d0329e43-4306-42d1-ad39-ee28a2ea6da4}</UniqueIdentifier>
    </Filter>
    <Filter Include="Engine Files\Input">
      <UniqueIdentifier>{608d3daf-a9a6-40bb-912d-ec0b2f534f23}</UniqueIdentifier>
    </Filter>
    <Filter Include="Engine Files\Helpers">
      <UniqueIdentifier>{ab504984-1389-4764-a892-18aaf6c90af6}</UniqueIdentifier>
    </Filter>
    <Filter Include="Engine Files\Components">
      <UniqueIdentifier>{96387432-8e71-480b-85d4-a70a40819473}</UniqueIdentifier>
    </Filter>
    <Filter Include="Engine Files\Components\Render">
      <UniqueIdentifier>{27ba4cfb-a271-4e13-a90c-6d1f6f1406d9}</UniqueIdentifier>
    </Filter>
    <Filter Include="Engine Files\Components\Behaviour">
      <UniqueIdentifier>{34e4a5d0-e246-46cc-9472-a587cc7557db}</UniqueIdentifier>
    </Filter>
    <Filter Include="Engine Files\imgui">
      <UniqueIdentifier>{2f14474d-735b-401e-b2f2-6d645130e5ba}</UniqueIdentifier>
    </Filter>
    <Filter Include="Engine Files\imgui\backends">
      <UniqueIdentifier>{26b0d59c-2194-4463-97db-5eea18f8883d}</UniqueIdentifier>
    </Filter>
    <Filter Include="Engine Files\imgui\plugins">
      <UniqueIdentifier>{3dbe6393-b75a-495d-8f00-13be67635b6d}</UniqueIdentifier>
    </Filter>
    <Filter Include="Engine Files\Utils">
      <UniqueIdentifier>{32156177-0927-4dbb-b3b2-f0f47980a4c7}</UniqueIdentifier>
    </Filter>
    <Filter Include="Engine Files\Audio">
      <UniqueIdentifier>{2d0e3d54-1de0-4ab7-903c-d35cf94251d0}</UniqueIdentifier>
    </Filter>
  </ItemGroup>
  <ItemGroup>
    <ClInclude Include="GameObject.h">
      <Filter>Engine Files\Scene</Filter>
    </ClInclude>
    <ClInclude Include="Scene.h">
      <Filter>Engine Files\Scene</Filter>
    </ClInclude>
    <ClInclude Include="InputManager.h">
      <Filter>Engine Files\Input</Filter>
    </ClInclude>
    <ClInclude Include="Renderer.h">
      <Filter>Engine Files\Rendering</Filter>
    </ClInclude>
    <ClInclude Include="Singleton.h">
      <Filter>Engine Files\Helpers</Filter>
    </ClInclude>
    <ClInclude Include="SceneManager.h">
      <Filter>Engine Files\Scene</Filter>
    </ClInclude>
    <ClInclude Include="Minigin.h">
      <Filter>Engine Files</Filter>
    </ClInclude>
    <ClInclude Include="TimeManager.h">
      <Filter>Engine Files\Helpers</Filter>
    </ClInclude>
    <ClInclude Include="Component.h">
      <Filter>Engine Files\Components</Filter>
    </ClInclude>
    <ClInclude Include="Texture2D.h">
      <Filter>Engine Files\Rendering</Filter>
    </ClInclude>
    <ClInclude Include="Font.h">
      <Filter>Engine Files\Rendering</Filter>
    </ClInclude>
    <ClInclude Include="Transform.h">
      <Filter>Engine Files\Components</Filter>
    </ClInclude>
    <ClInclude Include="CTextTexture.h">
      <Filter>Engine Files\Components\Behaviour</Filter>
    </ClInclude>
    <ClInclude Include="CTextureRenderer.h">
      <Filter>Engine Files\Components\Render</Filter>
    </ClInclude>
    <ClInclude Include="GuiManager.h">
      <Filter>Engine Files\imgui</Filter>
    </ClInclude>
    <ClInclude Include="..\3rdParty\imgui\plugins\imgui_plot.h">
      <Filter>Engine Files\imgui\plugins</Filter>
    </ClInclude>
    <ClInclude Include="..\3rdParty\imgui\backends\imgui_impl_opengl2.h">
      <Filter>Engine Files\imgui\backends</Filter>
    </ClInclude>
    <ClInclude Include="..\3rdParty\imgui\backends\imgui_impl_sdl2.h">
      <Filter>Engine Files\imgui\backends</Filter>
    </ClInclude>
    <ClInclude Include="..\3rdParty\imgui\imconfig.h">
      <Filter>Engine Files\imgui</Filter>
    </ClInclude>
    <ClInclude Include="..\3rdParty\imgui\imgui.h">
      <Filter>Engine Files\imgui</Filter>
    </ClInclude>
    <ClInclude Include="..\3rdParty\imgui\imgui_internal.h">
      <Filter>Engine Files\imgui</Filter>
    </ClInclude>
    <ClInclude Include="..\3rdParty\imgui\imstb_rectpack.h">
      <Filter>Engine Files\imgui</Filter>
    </ClInclude>
    <ClInclude Include="..\3rdParty\imgui\imstb_textedit.h">
      <Filter>Engine Files\imgui</Filter>
    </ClInclude>
    <ClInclude Include="..\3rdParty\imgui\imstb_truetype.h">
      <Filter>Engine Files\imgui</Filter>
    </ClInclude>
    <ClInclude Include="Gamepad.h">
      <Filter>Engine Files\Input</Filter>
    </ClInclude>
    <ClInclude Include="Keyboard.h">
      <Filter>Engine Files\Input</Filter>
    </ClInclude>
    <ClInclude Include="Command.h">
      <Filter>Engine Files\Utils</Filter>
    </ClInclude>
    <ClInclude Include="Delegate.h">
      <Filter>Engine Files\Utils</Filter>
    </ClInclude>
    <ClInclude Include="DelegateHandle.h">
      <Filter>Engine Files\Utils</Filter>
    </ClInclude>
    <ClInclude Include="Event.h">
      <Filter>Engine Files\Utils</Filter>
    </ClInclude>
    <ClInclude Include="RingBuffer.h">
      <Filter>Engine Files\Utils</Filter>
    </ClInclude>
    <ClInclude Include="AudioChunk.h">
      <Filter>Engine Files\Audio</Filter>
    </ClInclude>
    <ClInclude Include="ServiceLocator.h">
      <Filter>Engine Files\Audio</Filter>
    </ClInclude>
    <ClInclude Include="SoundSystem.h">
      <Filter>Engine Files\Audio</Filter>
    </ClInclude>
    <ClInclude Include="ResourceManager.h">
      <Filter>Engine Files\Helpers</Filter>
    </ClInclude>
    <ClInclude Include="BoxCollider2D.h">
      <Filter>Engine Files\Components\Behaviour</Filter>
    </ClInclude>
    <ClInclude Include="CollisionManager.h">
      <Filter>Engine Files\Helpers</Filter>
    </ClInclude>
    <ClInclude Include="Object.h">
      <Filter>Engine Files\Scene</Filter>
    </ClInclude>
  </ItemGroup>
  <ItemGroup>
    <ClCompile Include="GameObject.cpp">
      <Filter>Engine Files\Scene</Filter>
    </ClCompile>
    <ClCompile Include="Scene.cpp">
      <Filter>Engine Files\Scene</Filter>
    </ClCompile>
    <ClCompile Include="InputManager.cpp">
      <Filter>Engine Files\Input</Filter>
    </ClCompile>
    <ClCompile Include="Renderer.cpp">
      <Filter>Engine Files\Rendering</Filter>
    </ClCompile>
    <ClCompile Include="SceneManager.cpp">
      <Filter>Engine Files\Scene</Filter>
    </ClCompile>
    <ClCompile Include="Minigin.cpp">
      <Filter>Engine Files</Filter>
    </ClCompile>
    <ClCompile Include="TimeManager.cpp">
      <Filter>Engine Files\Helpers</Filter>
    </ClCompile>
    <ClCompile Include="Texture2D.cpp">
      <Filter>Engine Files\Rendering</Filter>
    </ClCompile>
    <ClCompile Include="Font.cpp">
      <Filter>Engine Files\Rendering</Filter>
    </ClCompile>
    <ClCompile Include="Transform.cpp">
      <Filter>Engine Files\Components</Filter>
    </ClCompile>
    <ClCompile Include="CTextTexture.cpp">
      <Filter>Engine Files\Components\Behaviour</Filter>
    </ClCompile>
    <ClCompile Include="CTextureRenderer.cpp">
      <Filter>Engine Files\Components\Render</Filter>
    </ClCompile>
    <ClCompile Include="GuiManager.cpp">
      <Filter>Engine Files\imgui</Filter>
    </ClCompile>
    <ClCompile Include="..\3rdParty\imgui\plugins\imgui_plot.cpp">
      <Filter>Engine Files\imgui\plugins</Filter>
    </ClCompile>
    <ClCompile Include="..\3rdParty\imgui\backends\imgui_impl_opengl2.cpp">
      <Filter>Engine Files\imgui\backends</Filter>
    </ClCompile>
    <ClCompile Include="..\3rdParty\imgui\backends\imgui_impl_sdl2.cpp">
      <Filter>Engine Files\imgui\backends</Filter>
    </ClCompile>
    <ClCompile Include="..\3rdParty\imgui\imgui.cpp">
      <Filter>Engine Files\imgui</Filter>
    </ClCompile>
    <ClCompile Include="..\3rdParty\imgui\imgui_demo.cpp">
      <Filter>Engine Files\imgui</Filter>
    </ClCompile>
    <ClCompile Include="..\3rdParty\imgui\imgui_draw.cpp">
      <Filter>Engine Files\imgui</Filter>
    </ClCompile>
    <ClCompile Include="..\3rdParty\imgui\imgui_tables.cpp">
      <Filter>Engine Files\imgui</Filter>
    </ClCompile>
    <ClCompile Include="..\3rdParty\imgui\imgui_widgets.cpp">
      <Filter>Engine Files\imgui</Filter>
    </ClCompile>
    <ClCompile Include="Gamepad.cpp">
      <Filter>Engine Files\Input</Filter>
    </ClCompile>
    <ClCompile Include="Keyboard.cpp">
      <Filter>Engine Files\Input</Filter>
    </ClCompile>
    <ClCompile Include="DelegateHandle.cpp">
      <Filter>Engine Files\Utils</Filter>
    </ClCompile>
    <ClCompile Include="AudioChunk.cpp">
      <Filter>Engine Files\Audio</Filter>
    </ClCompile>
    <ClCompile Include="SoundSystem.cpp">
      <Filter>Engine Files\Audio</Filter>
    </ClCompile>
    <ClCompile Include="ResourceManager.cpp">
      <Filter>Engine Files\Helpers</Filter>
    </ClCompile>
    <ClCompile Include="BoxCollider2D.cpp">
      <Filter>Engine Files\Components\Behaviour</Filter>
    </ClCompile>
    <ClCompile Include="CollisionManager.cpp">
      <Filter>Engine Files\Helpers</Filter>
    </ClCompile>
    <ClCompile Include="Object.cpp">
      <Filter>Engine Files\Scene</Filter>
    </ClCompile>
  </ItemGroup>
</Project>