<?xml version="1.0" encoding="utf-8"?>
<Project ToolsVersion="4.0" xmlns="http://schemas.microsoft.com/developer/msbuild/2003">
  <ItemGroup>
    <Filter Include="Resource Files">
      <UniqueIdentifier>{67DA6AB6-F800-4c08-8B7A-83BB121AAD01}</UniqueIdentifier>
      <Extensions>rc;ico;cur;bmp;dlg;rc2;rct;bin;rgs;gif;jpg;jpeg;jpe;resx;tiff;tif;png;wav;mfcribbon-ms</Extensions>
    </Filter>
    <Filter Include="Engine Files">
      <UniqueIdentifier>{93995380-89BD-4b04-88EB-625FBE52EBFB}</UniqueIdentifier>
    </Filter>
    <Filter Include="Game Files">
      <UniqueIdentifier>{4FC737F1-C7A5-4376-A066-2A32D752A2FF}</UniqueIdentifier>
      <Extensions>cpp;c;cc;cxx;def;odl;idl;hpj;bat;asm;asmx;h;hh;hpp;hxx;hm;inl;inc;xsd</Extensions>
    </Filter>
    <Filter Include="Engine Files\Scene">
      <UniqueIdentifier>{97cb70a1-f7ae-46b6-8070-17f82646cef5}</UniqueIdentifier>
    </Filter>
    <Filter Include="Engine Files\Rendering">
      <UniqueIdentifier>{d0329e43-4306-42d1-ad39-ee28a2ea6da4}</UniqueIdentifier>
    </Filter>
    <Filter Include="Engine Files\Input">
      <UniqueIdentifier>{608d3daf-a9a6-40bb-912d-ec0b2f534f23}</UniqueIdentifier>
    </Filter>
    <Filter Include="Engine Files\Helpers">
      <UniqueIdentifier>{ab504984-1389-4764-a892-18aaf6c90af6}</UniqueIdentifier>
    </Filter>
    <Filter Include="Engine Files\Components">
      <UniqueIdentifier>{96387432-8e71-480b-85d4-a70a40819473}</UniqueIdentifier>
    </Filter>
    <Filter Include="Engine Files\Components\Render">
      <UniqueIdentifier>{27ba4cfb-a271-4e13-a90c-6d1f6f1406d9}</UniqueIdentifier>
    </Filter>
    <Filter Include="Engine Files\Components\Behaviour">
      <UniqueIdentifier>{34e4a5d0-e246-46cc-9472-a587cc7557db}</UniqueIdentifier>
    </Filter>
    <Filter Include="Game Files\Scene Helpers">
      <UniqueIdentifier>{4bca6ec4-88e9-4377-bc72-c45336d1d99f}</UniqueIdentifier>
    </Filter>
    <Filter Include="Game Files\Components">
      <UniqueIdentifier>{790b3f46-9132-4a07-ae2d-bf10756d517e}</UniqueIdentifier>
    </Filter>
    <Filter Include="Engine Files\imgui">
      <UniqueIdentifier>{2f14474d-735b-401e-b2f2-6d645130e5ba}</UniqueIdentifier>
    </Filter>
    <Filter Include="Engine Files\imgui\backends">
      <UniqueIdentifier>{26b0d59c-2194-4463-97db-5eea18f8883d}</UniqueIdentifier>
    </Filter>
  </ItemGroup>
  <ItemGroup>
    <ClInclude Include="GameObject.h">
      <Filter>Engine Files\Scene</Filter>
    </ClInclude>
    <ClInclude Include="Scene.h">
      <Filter>Engine Files\Scene</Filter>
    </ClInclude>
    <ClInclude Include="InputManager.h">
      <Filter>Engine Files\Input</Filter>
    </ClInclude>
    <ClInclude Include="Renderer.h">
      <Filter>Engine Files\Rendering</Filter>
    </ClInclude>
    <ClInclude Include="Singleton.h">
      <Filter>Engine Files\Helpers</Filter>
    </ClInclude>
    <ClInclude Include="ResourceManager.h">
      <Filter>Engine Files\Rendering</Filter>
    </ClInclude>
    <ClInclude Include="SceneManager.h">
      <Filter>Engine Files\Scene</Filter>
    </ClInclude>
    <ClInclude Include="Minigin.h">
      <Filter>Engine Files</Filter>
    </ClInclude>
    <ClInclude Include="TimeManager.h">
      <Filter>Engine Files\Helpers</Filter>
    </ClInclude>
    <ClInclude Include="Component.h">
      <Filter>Engine Files\Components</Filter>
    </ClInclude>
    <ClInclude Include="Texture2D.h">
      <Filter>Engine Files\Rendering</Filter>
    </ClInclude>
    <ClInclude Include="Font.h">
      <Filter>Engine Files\Rendering</Filter>
    </ClInclude>
    <ClInclude Include="Transform.h">
      <Filter>Engine Files\Components</Filter>
    </ClInclude>
    <ClInclude Include="CTextTexture.h">
      <Filter>Engine Files\Components\Behaviour</Filter>
    </ClInclude>
    <ClInclude Include="GameSelector.h">
      <Filter>Game Files</Filter>
    </ClInclude>
    <ClInclude Include="AssignmentBackground.h">
      <Filter>Game Files\Scene Helpers</Filter>
    </ClInclude>
    <ClInclude Include="CTextureRenderer.h">
      <Filter>Engine Files\Components\Render</Filter>
    </ClInclude>
    <ClInclude Include="FPS.h">
      <Filter>Game Files\Components</Filter>
    </ClInclude>
    <ClInclude Include="TestSceneGraph.h">
      <Filter>Game Files\Scene Helpers</Filter>
    </ClInclude>
    <ClInclude Include="RotationMovement.h">
      <Filter>Game Files\Components</Filter>
    </ClInclude>
    <ClInclude Include="..\3rdParty\imgui\imconfig.h">
      <Filter>Engine Files\imgui</Filter>
    </ClInclude>
    <ClInclude Include="..\3rdParty\imgui\imgui.h">
      <Filter>Engine Files\imgui</Filter>
    </ClInclude>
    <ClInclude Include="..\3rdParty\imgui\imgui_internal.h">
      <Filter>Engine Files\imgui</Filter>
    </ClInclude>
    <ClInclude Include="..\3rdParty\imgui\imstb_rectpack.h">
      <Filter>Engine Files\imgui</Filter>
    </ClInclude>
    <ClInclude Include="..\3rdParty\imgui\imstb_textedit.h">
      <Filter>Engine Files\imgui</Filter>
    </ClInclude>
    <ClInclude Include="..\3rdParty\imgui\imstb_truetype.h">
      <Filter>Engine Files\imgui</Filter>
    </ClInclude>
    <ClInclude Include="..\3rdParty\imgui\backends\imgui_impl_opengl2.h">
      <Filter>Engine Files\imgui\backends</Filter>
    </ClInclude>
    <ClInclude Include="..\3rdParty\imgui\backends\imgui_impl_sdl2.h">
      <Filter>Engine Files\imgui\backends</Filter>
    </ClInclude>
    <ClInclude Include="GuiManager.h">
      <Filter>Engine Files\imgui</Filter>
    </ClInclude>
  </ItemGroup>
  <ItemGroup>
    <ClCompile Include="GameObject.cpp">
      <Filter>Engine Files\Scene</Filter>
    </ClCompile>
    <ClCompile Include="Scene.cpp">
      <Filter>Engine Files\Scene</Filter>
    </ClCompile>
    <ClCompile Include="InputManager.cpp">
      <Filter>Engine Files\Input</Filter>
    </ClCompile>
    <ClCompile Include="Renderer.cpp">
      <Filter>Engine Files\Rendering</Filter>
    </ClCompile>
    <ClCompile Include="ResourceManager.cpp">
      <Filter>Engine Files\Rendering</Filter>
    </ClCompile>
    <ClCompile Include="SceneManager.cpp">
      <Filter>Engine Files\Scene</Filter>
    </ClCompile>
    <ClCompile Include="Main.cpp">
      <Filter>Engine Files</Filter>
    </ClCompile>
    <ClCompile Include="Minigin.cpp">
      <Filter>Engine Files</Filter>
    </ClCompile>
    <ClCompile Include="TimeManager.cpp">
      <Filter>Engine Files\Helpers</Filter>
    </ClCompile>
    <ClCompile Include="Texture2D.cpp">
      <Filter>Engine Files\Rendering</Filter>
    </ClCompile>
    <ClCompile Include="Font.cpp">
      <Filter>Engine Files\Rendering</Filter>
    </ClCompile>
    <ClCompile Include="Transform.cpp">
      <Filter>Engine Files\Components</Filter>
    </ClCompile>
    <ClCompile Include="CTextTexture.cpp">
      <Filter>Engine Files\Components\Behaviour</Filter>
    </ClCompile>
    <ClCompile Include="GameSelector.cpp">
      <Filter>Game Files</Filter>
    </ClCompile>
    <ClCompile Include="CTextureRenderer.cpp">
      <Filter>Engine Files\Components\Render</Filter>
    </ClCompile>
    <ClCompile Include="FPS.cpp">
      <Filter>Game Files\Components</Filter>
    </ClCompile>
    <ClCompile Include="RotationMovement.cpp">
      <Filter>Game Files\Components</Filter>
    </ClCompile>
    <ClCompile Include="..\3rdParty\imgui\imgui.cpp">
      <Filter>Engine Files\imgui</Filter>
    </ClCompile>
    <ClCompile Include="..\3rdParty\imgui\imgui_demo.cpp">
      <Filter>Engine Files\imgui</Filter>
    </ClCompile>
    <ClCompile Include="..\3rdParty\imgui\imgui_draw.cpp">
      <Filter>Engine Files\imgui</Filter>
    </ClCompile>
    <ClCompile Include="..\3rdParty\imgui\imgui_tables.cpp">
      <Filter>Engine Files\imgui</Filter>
    </ClCompile>
    <ClCompile Include="..\3rdParty\imgui\imgui_widgets.cpp">
      <Filter>Engine Files\imgui</Filter>
    </ClCompile>
    <ClCompile Include="..\3rdParty\imgui\backends\imgui_impl_opengl2.cpp">
      <Filter>Engine Files\imgui\backends</Filter>
    </ClCompile>
    <ClCompile Include="..\3rdParty\imgui\backends\imgui_impl_sdl2.cpp">
      <Filter>Engine Files\imgui\backends</Filter>
    </ClCompile>
    <ClCompile Include="GuiManager.cpp">
      <Filter>Engine Files\imgui</Filter>
    </ClCompile>
  </ItemGroup>
</Project>